Microsoft Visual Studio Solution File, Format Version 12.00
# Visual Studio Version 17
VisualStudioVersion = 17.5.2.0
MinimumVisualStudioVersion = 10.0.40219.1
Project("{FAE04EC0-301F-11D3-BF4B-00C04F79EFBC}") = "EncurtadorDownload", "EncurtadorDownload.csproj", "{0E6AC133-255D-D65C-09CE-4D1CED234C4B}"
EndProject
Project("{FAE04EC0-301F-11D3-BF4B-00C04F79EFBC}") = "Fluxogram", "..\Fluxogram\Fluxogram\Fluxogram.csproj", "{1299BBFD-A998-4E9A-9E4F-FA3ECAD209BB}"
EndProject
Global
	GlobalSection(SolutionConfigurationPlatforms) = preSolution
		Debug|Any CPU = Debug|Any CPU
		Release|Any CPU = Release|Any CPU
	EndGlobalSection
	GlobalSection(ProjectConfigurationPlatforms) = postSolution
		{0E6AC133-255D-D65C-09CE-4D1CED234C4B}.Debug|Any CPU.ActiveCfg = Debug|Any CPU
		{0E6AC133-255D-D65C-09CE-4D1CED234C4B}.Debug|Any CPU.Build.0 = Debug|Any CPU
		{0E6AC133-255D-D65C-09CE-4D1CED234C4B}.Release|Any CPU.ActiveCfg = Release|Any CPU
		{0E6AC133-255D-D65C-09CE-4D1CED234C4B}.Release|Any CPU.Build.0 = Release|Any CPU
		{1299BBFD-A998-4E9A-9E4F-FA3ECAD209BB}.Debug|Any CPU.ActiveCfg = Debug|Any CPU
		{1299BBFD-A998-4E9A-9E4F-FA3ECAD209BB}.Debug|Any CPU.Build.0 = Debug|Any CPU
		{1299BBFD-A998-4E9A-9E4F-FA3ECAD209BB}.Release|Any CPU.ActiveCfg = Release|Any CPU
		{1299BBFD-A998-4E9A-9E4F-FA3ECAD209BB}.Release|Any CPU.Build.0 = Release|Any CPU
	EndGlobalSection
	GlobalSection(SolutionProperties) = preSolution
		HideSolutionNode = FALSE
	EndGlobalSection
	GlobalSection(ExtensibilityGlobals) = postSolution
		SolutionGuid = {79C0F02B-614F-44D5-A8D3-0F924D860333}
	EndGlobalSection
EndGlobal
